
Microsoft Visual Studio Solution File, Format Version 12.00
# Visual Studio 15
VisualStudioVersion = 15.0.28307.329
MinimumVisualStudioVersion = 10.0.40219.1
Project("{8BC9CEB8-8B4A-11D0-8D11-00A0C91BC942}") = "Horde", "src\horde.vcxproj", "{CC613DD6-E33E-4EEC-93E6-3D7634CE4920}"
EndProject
Global
	GlobalSection(SolutionConfigurationPlatforms) = preSolution
		Debug|x86 = Debug|x86
		Release|x86 = Release|x86
	EndGlobalSection
	GlobalSection(ProjectConfigurationPlatforms) = postSolution
		{CC613DD6-E33E-4EEC-93E6-3D7634CE4920}.Debug|x86.ActiveCfg = Debug|Win32
		{CC613DD6-E33E-4EEC-93E6-3D7634CE4920}.Debug|x86.Build.0 = Debug|Win32
		{CC613DD6-E33E-4EEC-93E6-3D7634CE4920}.Release|x86.ActiveCfg = Release|Win32
		{CC613DD6-E33E-4EEC-93E6-3D7634CE4920}.Release|x86.Build.0 = Release|Win32
	EndGlobalSection
	GlobalSection(SolutionProperties) = preSolution
		HideSolutionNode = FALSE
	EndGlobalSection
	GlobalSection(ExtensibilityGlobals) = postSolution
		SolutionGuid = {57C38A89-FC33-4671-917B-05839C9767B1}
	EndGlobalSection
EndGlobal
