<?xml version="1.0" encoding="utf-8"?>
<Project ToolsVersion="4.0" xmlns="http://schemas.microsoft.com/developer/msbuild/2003">
  <ItemGroup>
    <Filter Include="Resource Files">
      <UniqueIdentifier>{67DA6AB6-F800-4c08-8B7A-83BB121AAD01}</UniqueIdentifier>
      <Extensions>rc;ico;cur;bmp;dlg;rc2;rct;bin;rgs;gif;jpg;jpeg;jpe;resx;tiff;tif;png;wav;mfcribbon-ms</Extensions>
    </Filter>
    <Filter Include="Engine">
      <UniqueIdentifier>{6c03e6fe-f1fd-497d-8124-432f3956ea33}</UniqueIdentifier>
    </Filter>
    <Filter Include="Game">
      <UniqueIdentifier>{6fe0f81a-4972-45df-8299-01e399100531}</UniqueIdentifier>
    </Filter>
    <Filter Include="IMGUI">
      <UniqueIdentifier>{158df3c6-73af-4220-a3f7-2ff5421af78c}</UniqueIdentifier>
    </Filter>
    <Filter Include="IMGUI\Headers">
      <UniqueIdentifier>{3a8ba767-df87-44dc-88b1-8b78bd841e18}</UniqueIdentifier>
    </Filter>
    <Filter Include="IMGUI\Source">
      <UniqueIdentifier>{9f779f62-4c8c-4cdc-aa56-9e332cca11f7}</UniqueIdentifier>
    </Filter>
    <Filter Include="Engine\Renderer">
      <UniqueIdentifier>{dfec1aa6-b7fe-45e0-a673-3e348c3cdb8d}</UniqueIdentifier>
    </Filter>
    <Filter Include="Engine\Renderer\Headers">
      <UniqueIdentifier>{5522ee6c-c962-4e81-b3da-acc3d24ad2b7}</UniqueIdentifier>
    </Filter>
    <Filter Include="Engine\Renderer\Source">
      <UniqueIdentifier>{a2318676-1c6c-47ca-a797-7d236813ee4d}</UniqueIdentifier>
    </Filter>
    <Filter Include="Engine\Input">
      <UniqueIdentifier>{ce992bdc-c680-46c7-bf04-80b9c598adaf}</UniqueIdentifier>
    </Filter>
    <Filter Include="Engine\Input\Headers">
      <UniqueIdentifier>{b5e65140-f77b-4492-af14-0b2001d346a7}</UniqueIdentifier>
    </Filter>
    <Filter Include="Engine\Input\Source">
      <UniqueIdentifier>{c55c91f2-93c7-4612-ac19-76da3b0dbfee}</UniqueIdentifier>
    </Filter>
    <Filter Include="Game\Scenes">
      <UniqueIdentifier>{e72efdac-a80d-4368-bfc6-32b10261fb86}</UniqueIdentifier>
    </Filter>
    <Filter Include="Game\Scenes\Headers">
      <UniqueIdentifier>{0d99ec05-e555-494f-b6d6-9b17588ede64}</UniqueIdentifier>
    </Filter>
    <Filter Include="Game\Scenes\Source">
      <UniqueIdentifier>{4321451f-c376-4e08-a10f-e01eba694947}</UniqueIdentifier>
    </Filter>
    <Filter Include="Engine\Entity">
      <UniqueIdentifier>{230aba55-3a14-452f-b77e-74d0e44a3d60}</UniqueIdentifier>
    </Filter>
    <Filter Include="Engine\Entity\Headers">
      <UniqueIdentifier>{d8938695-05f5-4673-b08a-6a9ecb3d4d54}</UniqueIdentifier>
    </Filter>
    <Filter Include="Engine\Entity\Source">
      <UniqueIdentifier>{623480c9-ebaf-4222-921a-413c63ffdb4a}</UniqueIdentifier>
    </Filter>
    <Filter Include="Utils">
      <UniqueIdentifier>{abacdcde-1310-4ad5-bc7b-c43d888f4d44}</UniqueIdentifier>
    </Filter>
    <Filter Include="Utils\Headers">
      <UniqueIdentifier>{81e45c26-b506-46a3-a52e-bd6975bf21fb}</UniqueIdentifier>
    </Filter>
    <Filter Include="Utils\Source">
      <UniqueIdentifier>{2e853fc0-1fd4-48d6-94b4-6cd29d2d0399}</UniqueIdentifier>
    </Filter>
    <Filter Include="Game\Game">
      <UniqueIdentifier>{2d409d76-9777-4942-bc3f-6a7f67fc42fd}</UniqueIdentifier>
    </Filter>
    <Filter Include="Game\Entities">
      <UniqueIdentifier>{3f329ea5-d8b0-43f1-b11e-40f1d36d2485}</UniqueIdentifier>
    </Filter>
    <Filter Include="Game\Entities\Source">
      <UniqueIdentifier>{1d1378af-e5f7-42f5-9010-f4eb403cc1ad}</UniqueIdentifier>
    </Filter>
    <Filter Include="Game\Entities\Headers">
      <UniqueIdentifier>{0a3a1482-6109-49fe-8957-978ad4bdf836}</UniqueIdentifier>
    </Filter>
    <Filter Include="Engine\Scene">
      <UniqueIdentifier>{6dc7ce0f-6c15-47c2-b316-3667bb212e6a}</UniqueIdentifier>
    </Filter>
    <Filter Include="Engine\Scene\Headers">
      <UniqueIdentifier>{d4b15b7c-ae76-4fcd-8217-c1f7ae7323a6}</UniqueIdentifier>
    </Filter>
    <Filter Include="Engine\Scene\Source">
      <UniqueIdentifier>{de89185e-dee2-448e-b463-999f33ae54c3}</UniqueIdentifier>
    </Filter>
    <Filter Include="Game\Statics">
      <UniqueIdentifier>{44d7a5b1-b22c-455d-a2e2-37435d9f3806}</UniqueIdentifier>
    </Filter>
    <Filter Include="Game\Statics\Headers">
      <UniqueIdentifier>{2879ee70-ca43-42e2-8123-6478f2f9658b}</UniqueIdentifier>
    </Filter>
    <Filter Include="Game\Statics\Source">
      <UniqueIdentifier>{9d912ac0-5247-4037-96f3-27595255e263}</UniqueIdentifier>
    </Filter>
    <Filter Include="Game\Weapons">
      <UniqueIdentifier>{80e357bd-2075-4503-9426-25c90888f603}</UniqueIdentifier>
    </Filter>
    <Filter Include="Game\Weapons\Headers">
      <UniqueIdentifier>{f9b798f6-7a88-4bba-a29a-2d2045a39a30}</UniqueIdentifier>
    </Filter>
    <Filter Include="Game\Weapons\Source">
      <UniqueIdentifier>{a6ae8d05-877d-4359-9c66-029d6ffb864d}</UniqueIdentifier>
    </Filter>
    <Filter Include="Game\UI">
      <UniqueIdentifier>{b28addf0-7592-4801-bbe7-1622057bb8a6}</UniqueIdentifier>
    </Filter>
    <Filter Include="Game\UI\Headers">
      <UniqueIdentifier>{ff6a1ab5-43a9-4010-8bf4-48fd13beb49b}</UniqueIdentifier>
    </Filter>
    <Filter Include="Game\UI\Source">
      <UniqueIdentifier>{1baac75a-b5ea-42cb-ac46-ac69c73e3142}</UniqueIdentifier>
    </Filter>
    <Filter Include="Game\Levels">
      <UniqueIdentifier>{331f39c3-13bf-462a-bf3b-a4d3869b9f64}</UniqueIdentifier>
    </Filter>
  </ItemGroup>
  <ItemGroup>
    <ClInclude Include="utils\vertexarray.h">
      <Filter>Utils\Headers</Filter>
    </ClInclude>
    <ClInclude Include="utils\logmanager.h">
      <Filter>Utils\Headers</Filter>
    </ClInclude>
    <ClInclude Include="utils\matrix4.h">
      <Filter>Utils\Headers</Filter>
    </ClInclude>
    <ClInclude Include="utils\utils.h">
      <Filter>Utils\Headers</Filter>
    </ClInclude>
    <ClInclude Include="utils\vector2.h">
      <Filter>Utils\Headers</Filter>
    </ClInclude>
    <ClInclude Include="engine\input.h">
      <Filter>Engine\Input\Headers</Filter>
    </ClInclude>
    <ClInclude Include="engine\renderer.h">
      <Filter>Engine\Renderer\Headers</Filter>
    </ClInclude>
    <ClInclude Include="engine\shader.h">
      <Filter>Engine\Renderer\Headers</Filter>
    </ClInclude>
    <ClInclude Include="engine\sprite.h">
      <Filter>Engine\Renderer\Headers</Filter>
    </ClInclude>
    <ClInclude Include="engine\spritesheetanimation.h">
      <Filter>Engine\Renderer\Headers</Filter>
    </ClInclude>
    <ClInclude Include="engine\texture.h">
      <Filter>Engine\Renderer\Headers</Filter>
    </ClInclude>
    <ClInclude Include="engine\texturemanager.h">
      <Filter>Engine\Renderer\Headers</Filter>
    </ClInclude>
    <ClInclude Include="engine\xinputcontroller.h">
      <Filter>Engine\Input\Headers</Filter>
    </ClInclude>
    <ClInclude Include="engine\scene.h">
      <Filter>Engine\Scene\Headers</Filter>
    </ClInclude>
    <ClInclude Include="engine\entity.h">
      <Filter>Engine\Entity\Headers</Filter>
    </ClInclude>
    <ClInclude Include="game\scenesplash.h">
      <Filter>Game\Scenes\Headers</Filter>
    </ClInclude>
    <ClInclude Include="engine\scenemanager.h">
      <Filter>Engine\Scene\Headers</Filter>
    </ClInclude>
    <ClInclude Include="..\lib\imgui\imstb_rectpack.h">
      <Filter>IMGUI\Headers</Filter>
    </ClInclude>
    <ClInclude Include="..\lib\imgui\imstb_textedit.h">
      <Filter>IMGUI\Headers</Filter>
    </ClInclude>
    <ClInclude Include="..\lib\imgui\imstb_truetype.h">
      <Filter>IMGUI\Headers</Filter>
    </ClInclude>
    <ClInclude Include="..\lib\imgui\imconfig.h">
      <Filter>IMGUI\Headers</Filter>
    </ClInclude>
    <ClInclude Include="..\lib\imgui\imgui.h">
      <Filter>IMGUI\Headers</Filter>
    </ClInclude>
    <ClInclude Include="..\lib\imgui\imgui_impl_opengl3.h">
      <Filter>IMGUI\Headers</Filter>
    </ClInclude>
    <ClInclude Include="..\lib\imgui\imgui_impl_opengl3_loader.h">
      <Filter>IMGUI\Headers</Filter>
    </ClInclude>
    <ClInclude Include="..\lib\imgui\imgui_impl_sdl.h">
      <Filter>IMGUI\Headers</Filter>
    </ClInclude>
    <ClInclude Include="..\lib\imgui\imgui_internal.h">
      <Filter>IMGUI\Headers</Filter>
    </ClInclude>
    <ClInclude Include="utils\ini.h">
      <Filter>Utils\Headers</Filter>
    </ClInclude>
    <ClInclude Include="game\game.h">
      <Filter>Game\Game</Filter>
    </ClInclude>
    <ClInclude Include="engine\id.h">
      <Filter>Engine\Entity\Headers</Filter>
    </ClInclude>
    <ClInclude Include="engine\camera.h">
      <Filter>Engine\Renderer\Headers</Filter>
    </ClInclude>
    <ClInclude Include="game\player.h">
      <Filter>Game\Entities\Headers</Filter>
    </ClInclude>
    <ClInclude Include="game\scenelevel.h">
      <Filter>Game\Scenes\Headers</Filter>
    </ClInclude>
    <ClInclude Include="game\wall.h">
      <Filter>Game\Statics\Headers</Filter>
    </ClInclude>
    <ClInclude Include="game\enemy.h">
      <Filter>Game\Entities\Headers</Filter>
    </ClInclude>
    <ClInclude Include="game\weapon.h">
      <Filter>Game\Statics\Headers</Filter>
    </ClInclude>
    <ClInclude Include="game\shotgun.h">
      <Filter>Game\Weapons\Headers</Filter>
    </ClInclude>
    <ClInclude Include="game\rifle.h">
      <Filter>Game\Weapons\Headers</Filter>
    </ClInclude>
    <ClInclude Include="game\playerui.h">
      <Filter>Game\UI\Headers</Filter>
    </ClInclude>
    <ClInclude Include="game\node.h">
      <Filter>Game\Statics\Headers</Filter>
    </ClInclude>
    <ClInclude Include="game\round.h">
      <Filter>Game\Scenes\Headers</Filter>
    </ClInclude>
    <ClInclude Include="game\gameendui.h">
      <Filter>Game\UI\Headers</Filter>
    </ClInclude>
    <ClInclude Include="game\scenemenu.h">
      <Filter>Game\Scenes\Headers</Filter>
    </ClInclude>
    <ClInclude Include="game\rapid.h">
      <Filter>Game\Weapons\Headers</Filter>
    </ClInclude>
    <ClInclude Include="game\boom.h">
      <Filter>Game\Weapons\Headers</Filter>
    </ClInclude>
    <ClInclude Include="game\pauseui.h">
      <Filter>Game\UI\Headers</Filter>
    </ClInclude>
    <ClInclude Include="engine\particle.h">
      <Filter>Engine\Renderer\Headers</Filter>
    </ClInclude>
    <ClInclude Include="game\smokeemitter.h">
      <Filter>Game\Entities\Headers</Filter>
    </ClInclude>
  </ItemGroup>
  <ItemGroup>
    <ClCompile Include="utils\logmanager.cpp">
      <Filter>Utils\Source</Filter>
    </ClCompile>
    <ClCompile Include="utils\matrix4.cpp">
      <Filter>Utils\Source</Filter>
    </ClCompile>
    <ClCompile Include="utils\vector2.cpp">
      <Filter>Utils\Source</Filter>
    </ClCompile>
    <ClCompile Include="utils\vertexarray.cpp">
      <Filter>Utils\Source</Filter>
    </ClCompile>
    <ClCompile Include="engine\renderer.cpp">
      <Filter>Engine\Renderer\Source</Filter>
    </ClCompile>
    <ClCompile Include="engine\xinputcontroller.cpp">
      <Filter>Engine\Input\Source</Filter>
    </ClCompile>
    <ClCompile Include="engine\texturemanager.cpp">
      <Filter>Engine\Renderer\Source</Filter>
    </ClCompile>
    <ClCompile Include="engine\texture.cpp">
      <Filter>Engine\Renderer\Source</Filter>
    </ClCompile>
    <ClCompile Include="engine\spritesheetanimation.cpp">
      <Filter>Engine\Renderer\Source</Filter>
    </ClCompile>
    <ClCompile Include="engine\sprite.cpp">
      <Filter>Engine\Renderer\Source</Filter>
    </ClCompile>
    <ClCompile Include="engine\shader.cpp">
      <Filter>Engine\Renderer\Source</Filter>
    </ClCompile>
    <ClCompile Include="engine\scene.cpp">
      <Filter>Engine\Scene\Source</Filter>
    </ClCompile>
    <ClCompile Include="engine\input.cpp">
      <Filter>Engine\Input\Source</Filter>
    </ClCompile>
    <ClCompile Include="engine\entity.cpp">
      <Filter>Engine\Entity\Source</Filter>
    </ClCompile>
    <ClCompile Include="game\main.cpp">
      <Filter>Game</Filter>
    </ClCompile>
    <ClCompile Include="game\scenesplash.cpp">
      <Filter>Game\Scenes\Source</Filter>
    </ClCompile>
    <ClCompile Include="engine\scenemanager.cpp">
      <Filter>Engine\Scene\Source</Filter>
    </ClCompile>
    <ClCompile Include="..\lib\imgui\imgui.cpp">
      <Filter>IMGUI\Source</Filter>
    </ClCompile>
    <ClCompile Include="..\lib\imgui\imgui_demo.cpp">
      <Filter>IMGUI\Source</Filter>
    </ClCompile>
    <ClCompile Include="..\lib\imgui\imgui_draw.cpp">
      <Filter>IMGUI\Source</Filter>
    </ClCompile>
    <ClCompile Include="..\lib\imgui\imgui_impl_opengl3.cpp">
      <Filter>IMGUI\Source</Filter>
    </ClCompile>
    <ClCompile Include="..\lib\imgui\imgui_impl_sdl.cpp">
      <Filter>IMGUI\Source</Filter>
    </ClCompile>
    <ClCompile Include="..\lib\imgui\imgui_tables.cpp">
      <Filter>IMGUI\Source</Filter>
    </ClCompile>
    <ClCompile Include="..\lib\imgui\imgui_widgets.cpp">
      <Filter>IMGUI\Source</Filter>
    </ClCompile>
    <ClCompile Include="utils\ini.cpp">
      <Filter>Utils\Source</Filter>
    </ClCompile>
    <ClCompile Include="game\game.cpp">
      <Filter>Game\Game</Filter>
    </ClCompile>
    <ClCompile Include="engine\id.cpp">
      <Filter>Engine\Entity\Source</Filter>
    </ClCompile>
    <ClCompile Include="engine\camera.cpp">
      <Filter>Engine\Renderer\Source</Filter>
    </ClCompile>
    <ClCompile Include="game\player.cpp">
      <Filter>Game\Entities\Source</Filter>
    </ClCompile>
    <ClCompile Include="game\scenelevel.cpp">
      <Filter>Game\Scenes\Source</Filter>
    </ClCompile>
    <ClCompile Include="game\wall.cpp">
      <Filter>Game\Statics\Source</Filter>
    </ClCompile>
    <ClCompile Include="game\enemy.cpp">
      <Filter>Game\Entities\Source</Filter>
    </ClCompile>
    <ClCompile Include="game\weapon.cpp">
      <Filter>Game\Statics\Source</Filter>
    </ClCompile>
    <ClCompile Include="game\shotgun.cpp">
      <Filter>Game\Weapons\Source</Filter>
    </ClCompile>
    <ClCompile Include="game\rifle.cpp">
      <Filter>Game\Weapons\Source</Filter>
    </ClCompile>
    <ClCompile Include="game\playerui.cpp">
      <Filter>Game\UI\Source</Filter>
    </ClCompile>
    <ClCompile Include="game\node.cpp">
      <Filter>Game\Statics\Source</Filter>
    </ClCompile>
    <ClCompile Include="game\round.cpp">
      <Filter>Game\Scenes\Source</Filter>
    </ClCompile>
    <ClCompile Include="game\gameendui.cpp">
      <Filter>Game\UI\Source</Filter>
    </ClCompile>
    <ClCompile Include="game\scenemenu.cpp">
      <Filter>Game\Scenes\Source</Filter>
    </ClCompile>
    <ClCompile Include="game\rapid.cpp">
      <Filter>Game\Weapons\Source</Filter>
    </ClCompile>
    <ClCompile Include="game\boom.cpp">
      <Filter>Game\Weapons\Source</Filter>
    </ClCompile>
    <ClCompile Include="game\pauseui.cpp">
      <Filter>Game\UI\Source</Filter>
    </ClCompile>
    <ClCompile Include="engine\particle.cpp">
      <Filter>Engine\Renderer\Source</Filter>
    </ClCompile>
    <ClCompile Include="game\smokeemitter.cpp">
      <Filter>Game\Entities\Source</Filter>
    </ClCompile>
  </ItemGroup>
  <ItemGroup>
    <None Include="..\assets\levels\2.lvl">
      <Filter>Game\Levels</Filter>
    </None>
    <None Include="..\assets\levels\1.lvl">
      <Filter>Game\Levels</Filter>
    </None>
  </ItemGroup>
</Project>